// !$*UTF8*$!
{
	archiveVersion = 1;
	classes = {
	};
	objectVersion = 55;
	objects = {

/* Begin PBXBuildFile section */
		0CD342EDCC8B82BBBDB2FAEF /* Pods_DvornikovVA_HW_2_9_SpringTests.framework in Frameworks */ = {isa = PBXBuildFile; fileRef = D76A61BE20056E0E15A67AAB /* Pods_DvornikovVA_HW_2_9_SpringTests.framework */; };
		BE4F85B676E6A08A40E864FA /* Pods_DvornikovVA_HW_2_9_Spring_DvornikovVA_HW_2_9_SpringUITests.framework in Frameworks */ = {isa = PBXBuildFile; fileRef = A62079B7333857759CBF937D /* Pods_DvornikovVA_HW_2_9_Spring_DvornikovVA_HW_2_9_SpringUITests.framework */; };
		D1DFCEB328F475A500BF4DD1 /* AppDelegate.swift in Sources */ = {isa = PBXBuildFile; fileRef = D1DFCEB228F475A500BF4DD1 /* AppDelegate.swift */; };
		D1DFCEB528F475A500BF4DD1 /* SceneDelegate.swift in Sources */ = {isa = PBXBuildFile; fileRef = D1DFCEB428F475A500BF4DD1 /* SceneDelegate.swift */; };
		D1DFCEB728F475A500BF4DD1 /* ViewController.swift in Sources */ = {isa = PBXBuildFile; fileRef = D1DFCEB628F475A500BF4DD1 /* ViewController.swift */; };
		D1DFCEBA28F475A500BF4DD1 /* Main.storyboard in Resources */ = {isa = PBXBuildFile; fileRef = D1DFCEB828F475A500BF4DD1 /* Main.storyboard */; };
		D1DFCEBC28F475A600BF4DD1 /* Assets.xcassets in Resources */ = {isa = PBXBuildFile; fileRef = D1DFCEBB28F475A600BF4DD1 /* Assets.xcassets */; };
		D1DFCEBF28F475A600BF4DD1 /* LaunchScreen.storyboard in Resources */ = {isa = PBXBuildFile; fileRef = D1DFCEBD28F475A600BF4DD1 /* LaunchScreen.storyboard */; };
		D1DFCECA28F475A600BF4DD1 /* DvornikovVA_HW_2_9_SpringTests.swift in Sources */ = {isa = PBXBuildFile; fileRef = D1DFCEC928F475A600BF4DD1 /* DvornikovVA_HW_2_9_SpringTests.swift */; };
		D1DFCED428F475A600BF4DD1 /* DvornikovVA_HW_2_9_SpringUITests.swift in Sources */ = {isa = PBXBuildFile; fileRef = D1DFCED328F475A600BF4DD1 /* DvornikovVA_HW_2_9_SpringUITests.swift */; };
		D1DFCED628F475A600BF4DD1 /* DvornikovVA_HW_2_9_SpringUITestsLaunchTests.swift in Sources */ = {isa = PBXBuildFile; fileRef = D1DFCED528F475A600BF4DD1 /* DvornikovVA_HW_2_9_SpringUITestsLaunchTests.swift */; };
		D30CD9A14C98A55151AECB13 /* Pods_DvornikovVA_HW_2_9_Spring.framework in Frameworks */ = {isa = PBXBuildFile; fileRef = 069EA1715B9C1EFC7C75DDB1 /* Pods_DvornikovVA_HW_2_9_Spring.framework */; };
/* End PBXBuildFile section */

/* Begin PBXContainerItemProxy section */
		D1DFCEC628F475A600BF4DD1 /* PBXContainerItemProxy */ = {
			isa = PBXContainerItemProxy;
			containerPortal = D1DFCEA728F475A500BF4DD1 /* Project object */;
			proxyType = 1;
			remoteGlobalIDString = D1DFCEAE28F475A500BF4DD1;
			remoteInfo = DvornikovVA_HW_2.9_Spring;
		};
		D1DFCED028F475A600BF4DD1 /* PBXContainerItemProxy */ = {
			isa = PBXContainerItemProxy;
			containerPortal = D1DFCEA728F475A500BF4DD1 /* Project object */;
			proxyType = 1;
			remoteGlobalIDString = D1DFCEAE28F475A500BF4DD1;
			remoteInfo = DvornikovVA_HW_2.9_Spring;
		};
/* End PBXContainerItemProxy section */

/* Begin PBXFileReference section */
		069EA1715B9C1EFC7C75DDB1 /* Pods_DvornikovVA_HW_2_9_Spring.framework */ = {isa = PBXFileReference; explicitFileType = wrapper.framework; includeInIndex = 0; path = Pods_DvornikovVA_HW_2_9_Spring.framework; sourceTree = BUILT_PRODUCTS_DIR; };
		1C46A25FE9459E19BCA347FB /* Pods-DvornikovVA_HW_2.9_Spring-DvornikovVA_HW_2.9_SpringUITests.release.xcconfig */ = {isa = PBXFileReference; includeInIndex = 1; lastKnownFileType = text.xcconfig; name = "Pods-DvornikovVA_HW_2.9_Spring-DvornikovVA_HW_2.9_SpringUITests.release.xcconfig"; path = "Target Support Files/Pods-DvornikovVA_HW_2.9_Spring-DvornikovVA_HW_2.9_SpringUITests/Pods-DvornikovVA_HW_2.9_Spring-DvornikovVA_HW_2.9_SpringUITests.release.xcconfig"; sourceTree = "<group>"; };
		99ADD4019C5E9DDDFA86F9AC /* Pods-DvornikovVA_HW_2.9_Spring-DvornikovVA_HW_2.9_SpringUITests.debug.xcconfig */ = {isa = PBXFileReference; includeInIndex = 1; lastKnownFileType = text.xcconfig; name = "Pods-DvornikovVA_HW_2.9_Spring-DvornikovVA_HW_2.9_SpringUITests.debug.xcconfig"; path = "Target Support Files/Pods-DvornikovVA_HW_2.9_Spring-DvornikovVA_HW_2.9_SpringUITests/Pods-DvornikovVA_HW_2.9_Spring-DvornikovVA_HW_2.9_SpringUITests.debug.xcconfig"; sourceTree = "<group>"; };
		A62079B7333857759CBF937D /* Pods_DvornikovVA_HW_2_9_Spring_DvornikovVA_HW_2_9_SpringUITests.framework */ = {isa = PBXFileReference; explicitFileType = wrapper.framework; includeInIndex = 0; path = Pods_DvornikovVA_HW_2_9_Spring_DvornikovVA_HW_2_9_SpringUITests.framework; sourceTree = BUILT_PRODUCTS_DIR; };
		B51F4CB1EBCC189D2B13C4C1 /* Pods-DvornikovVA_HW_2.9_Spring.debug.xcconfig */ = {isa = PBXFileReference; includeInIndex = 1; lastKnownFileType = text.xcconfig; name = "Pods-DvornikovVA_HW_2.9_Spring.debug.xcconfig"; path = "Target Support Files/Pods-DvornikovVA_HW_2.9_Spring/Pods-DvornikovVA_HW_2.9_Spring.debug.xcconfig"; sourceTree = "<group>"; };
		C8BCA3528E9A5A6ABC02948E /* Pods-DvornikovVA_HW_2.9_Spring.release.xcconfig */ = {isa = PBXFileReference; includeInIndex = 1; lastKnownFileType = text.xcconfig; name = "Pods-DvornikovVA_HW_2.9_Spring.release.xcconfig"; path = "Target Support Files/Pods-DvornikovVA_HW_2.9_Spring/Pods-DvornikovVA_HW_2.9_Spring.release.xcconfig"; sourceTree = "<group>"; };
		D1DFCEAF28F475A500BF4DD1 /* DvornikovVA_HW_2.9_Spring.app */ = {isa = PBXFileReference; explicitFileType = wrapper.application; includeInIndex = 0; path = DvornikovVA_HW_2.9_Spring.app; sourceTree = BUILT_PRODUCTS_DIR; };
		D1DFCEB228F475A500BF4DD1 /* AppDelegate.swift */ = {isa = PBXFileReference; lastKnownFileType = sourcecode.swift; path = AppDelegate.swift; sourceTree = "<group>"; };
		D1DFCEB428F475A500BF4DD1 /* SceneDelegate.swift */ = {isa = PBXFileReference; lastKnownFileType = sourcecode.swift; path = SceneDelegate.swift; sourceTree = "<group>"; };
		D1DFCEB628F475A500BF4DD1 /* ViewController.swift */ = {isa = PBXFileReference; lastKnownFileType = sourcecode.swift; path = ViewController.swift; sourceTree = "<group>"; };
		D1DFCEB928F475A500BF4DD1 /* Base */ = {isa = PBXFileReference; lastKnownFileType = file.storyboard; name = Base; path = Base.lproj/Main.storyboard; sourceTree = "<group>"; };
		D1DFCEBB28F475A600BF4DD1 /* Assets.xcassets */ = {isa = PBXFileReference; lastKnownFileType = folder.assetcatalog; path = Assets.xcassets; sourceTree = "<group>"; };
		D1DFCEBE28F475A600BF4DD1 /* Base */ = {isa = PBXFileReference; lastKnownFileType = file.storyboard; name = Base; path = Base.lproj/LaunchScreen.storyboard; sourceTree = "<group>"; };
		D1DFCEC028F475A600BF4DD1 /* Info.plist */ = {isa = PBXFileReference; lastKnownFileType = text.plist.xml; path = Info.plist; sourceTree = "<group>"; };
		D1DFCEC528F475A600BF4DD1 /* DvornikovVA_HW_2.9_SpringTests.xctest */ = {isa = PBXFileReference; explicitFileType = wrapper.cfbundle; includeInIndex = 0; path = DvornikovVA_HW_2.9_SpringTests.xctest; sourceTree = BUILT_PRODUCTS_DIR; };
		D1DFCEC928F475A600BF4DD1 /* DvornikovVA_HW_2_9_SpringTests.swift */ = {isa = PBXFileReference; lastKnownFileType = sourcecode.swift; path = DvornikovVA_HW_2_9_SpringTests.swift; sourceTree = "<group>"; };
		D1DFCECF28F475A600BF4DD1 /* DvornikovVA_HW_2.9_SpringUITests.xctest */ = {isa = PBXFileReference; explicitFileType = wrapper.cfbundle; includeInIndex = 0; path = DvornikovVA_HW_2.9_SpringUITests.xctest; sourceTree = BUILT_PRODUCTS_DIR; };
		D1DFCED328F475A600BF4DD1 /* DvornikovVA_HW_2_9_SpringUITests.swift */ = {isa = PBXFileReference; lastKnownFileType = sourcecode.swift; path = DvornikovVA_HW_2_9_SpringUITests.swift; sourceTree = "<group>"; };
		D1DFCED528F475A600BF4DD1 /* DvornikovVA_HW_2_9_SpringUITestsLaunchTests.swift */ = {isa = PBXFileReference; lastKnownFileType = sourcecode.swift; path = DvornikovVA_HW_2_9_SpringUITestsLaunchTests.swift; sourceTree = "<group>"; };
		D76A61BE20056E0E15A67AAB /* Pods_DvornikovVA_HW_2_9_SpringTests.framework */ = {isa = PBXFileReference; explicitFileType = wrapper.framework; includeInIndex = 0; path = Pods_DvornikovVA_HW_2_9_SpringTests.framework; sourceTree = BUILT_PRODUCTS_DIR; };
		DD154C89A77A886069526D3C /* Pods-DvornikovVA_HW_2.9_SpringTests.release.xcconfig */ = {isa = PBXFileReference; includeInIndex = 1; lastKnownFileType = text.xcconfig; name = "Pods-DvornikovVA_HW_2.9_SpringTests.release.xcconfig"; path = "Target Support Files/Pods-DvornikovVA_HW_2.9_SpringTests/Pods-DvornikovVA_HW_2.9_SpringTests.release.xcconfig"; sourceTree = "<group>"; };
		F6BD27D10419114F434B3740 /* Pods-DvornikovVA_HW_2.9_SpringTests.debug.xcconfig */ = {isa = PBXFileReference; includeInIndex = 1; lastKnownFileType = text.xcconfig; name = "Pods-DvornikovVA_HW_2.9_SpringTests.debug.xcconfig"; path = "Target Support Files/Pods-DvornikovVA_HW_2.9_SpringTests/Pods-DvornikovVA_HW_2.9_SpringTests.debug.xcconfig"; sourceTree = "<group>"; };
/* End PBXFileReference section */

/* Begin PBXFrameworksBuildPhase section */
		D1DFCEAC28F475A500BF4DD1 /* Frameworks */ = {
			isa = PBXFrameworksBuildPhase;
			buildActionMask = 2147483647;
			files = (
				D30CD9A14C98A55151AECB13 /* Pods_DvornikovVA_HW_2_9_Spring.framework in Frameworks */,
			);
			runOnlyForDeploymentPostprocessing = 0;
		};
		D1DFCEC228F475A600BF4DD1 /* Frameworks */ = {
			isa = PBXFrameworksBuildPhase;
			buildActionMask = 2147483647;
			files = (
				0CD342EDCC8B82BBBDB2FAEF /* Pods_DvornikovVA_HW_2_9_SpringTests.framework in Frameworks */,
			);
			runOnlyForDeploymentPostprocessing = 0;
		};
		D1DFCECC28F475A600BF4DD1 /* Frameworks */ = {
			isa = PBXFrameworksBuildPhase;
			buildActionMask = 2147483647;
			files = (
				BE4F85B676E6A08A40E864FA /* Pods_DvornikovVA_HW_2_9_Spring_DvornikovVA_HW_2_9_SpringUITests.framework in Frameworks */,
			);
			runOnlyForDeploymentPostprocessing = 0;
		};
/* End PBXFrameworksBuildPhase section */

/* Begin PBXGroup section */
		A05F80081EEC06C7B014C519 /* Pods */ = {
			isa = PBXGroup;
			children = (
				B51F4CB1EBCC189D2B13C4C1 /* Pods-DvornikovVA_HW_2.9_Spring.debug.xcconfig */,
				C8BCA3528E9A5A6ABC02948E /* Pods-DvornikovVA_HW_2.9_Spring.release.xcconfig */,
				99ADD4019C5E9DDDFA86F9AC /* Pods-DvornikovVA_HW_2.9_Spring-DvornikovVA_HW_2.9_SpringUITests.debug.xcconfig */,
				1C46A25FE9459E19BCA347FB /* Pods-DvornikovVA_HW_2.9_Spring-DvornikovVA_HW_2.9_SpringUITests.release.xcconfig */,
				F6BD27D10419114F434B3740 /* Pods-DvornikovVA_HW_2.9_SpringTests.debug.xcconfig */,
				DD154C89A77A886069526D3C /* Pods-DvornikovVA_HW_2.9_SpringTests.release.xcconfig */,
			);
			name = Pods;
			path = Pods;
			sourceTree = "<group>";
		};
		D1DFCEA628F475A500BF4DD1 = {
			isa = PBXGroup;
			children = (
				D1DFCEB128F475A500BF4DD1 /* DvornikovVA_HW_2.9_Spring */,
				D1DFCEC828F475A600BF4DD1 /* DvornikovVA_HW_2.9_SpringTests */,
				D1DFCED228F475A600BF4DD1 /* DvornikovVA_HW_2.9_SpringUITests */,
				D1DFCEB028F475A500BF4DD1 /* Products */,
				A05F80081EEC06C7B014C519 /* Pods */,
				FC8B67630FE28E9B138B48E4 /* Frameworks */,
			);
			sourceTree = "<group>";
		};
		D1DFCEB028F475A500BF4DD1 /* Products */ = {
			isa = PBXGroup;
			children = (
				D1DFCEAF28F475A500BF4DD1 /* DvornikovVA_HW_2.9_Spring.app */,
				D1DFCEC528F475A600BF4DD1 /* DvornikovVA_HW_2.9_SpringTests.xctest */,
				D1DFCECF28F475A600BF4DD1 /* DvornikovVA_HW_2.9_SpringUITests.xctest */,
			);
			name = Products;
			sourceTree = "<group>";
		};
		D1DFCEB128F475A500BF4DD1 /* DvornikovVA_HW_2.9_Spring */ = {
			isa = PBXGroup;
			children = (
				D1DFCEB228F475A500BF4DD1 /* AppDelegate.swift */,
				D1DFCEB428F475A500BF4DD1 /* SceneDelegate.swift */,
				D1DFCEB628F475A500BF4DD1 /* ViewController.swift */,
				D1DFCEB828F475A500BF4DD1 /* Main.storyboard */,
				D1DFCEBB28F475A600BF4DD1 /* Assets.xcassets */,
				D1DFCEBD28F475A600BF4DD1 /* LaunchScreen.storyboard */,
				D1DFCEC028F475A600BF4DD1 /* Info.plist */,
			);
			path = DvornikovVA_HW_2.9_Spring;
			sourceTree = "<group>";
		};
		D1DFCEC828F475A600BF4DD1 /* DvornikovVA_HW_2.9_SpringTests */ = {
			isa = PBXGroup;
			children = (
				D1DFCEC928F475A600BF4DD1 /* DvornikovVA_HW_2_9_SpringTests.swift */,
			);
			path = DvornikovVA_HW_2.9_SpringTests;
			sourceTree = "<group>";
		};
		D1DFCED228F475A600BF4DD1 /* DvornikovVA_HW_2.9_SpringUITests */ = {
			isa = PBXGroup;
			children = (
				D1DFCED328F475A600BF4DD1 /* DvornikovVA_HW_2_9_SpringUITests.swift */,
				D1DFCED528F475A600BF4DD1 /* DvornikovVA_HW_2_9_SpringUITestsLaunchTests.swift */,
			);
			path = DvornikovVA_HW_2.9_SpringUITests;
			sourceTree = "<group>";
		};
		FC8B67630FE28E9B138B48E4 /* Frameworks */ = {
			isa = PBXGroup;
			children = (
				069EA1715B9C1EFC7C75DDB1 /* Pods_DvornikovVA_HW_2_9_Spring.framework */,
				A62079B7333857759CBF937D /* Pods_DvornikovVA_HW_2_9_Spring_DvornikovVA_HW_2_9_SpringUITests.framework */,
				D76A61BE20056E0E15A67AAB /* Pods_DvornikovVA_HW_2_9_SpringTests.framework */,
			);
			name = Frameworks;
			sourceTree = "<group>";
		};
/* End PBXGroup section */

/* Begin PBXNativeTarget section */
		D1DFCEAE28F475A500BF4DD1 /* DvornikovVA_HW_2.9_Spring */ = {
			isa = PBXNativeTarget;
			buildConfigurationList = D1DFCED928F475A600BF4DD1 /* Build configuration list for PBXNativeTarget "DvornikovVA_HW_2.9_Spring" */;
			buildPhases = (
				F9A2CF50D70E9B6A79FB67C2 /* [CP] Check Pods Manifest.lock */,
				D1DFCEAB28F475A500BF4DD1 /* Sources */,
				D1DFCEAC28F475A500BF4DD1 /* Frameworks */,
				D1DFCEAD28F475A500BF4DD1 /* Resources */,
				FFC3E3113CDC357801405FB7 /* [CP] Embed Pods Frameworks */,
			);
			buildRules = (
			);
			dependencies = (
			);
			name = DvornikovVA_HW_2.9_Spring;
			productName = DvornikovVA_HW_2.9_Spring;
			productReference = D1DFCEAF28F475A500BF4DD1 /* DvornikovVA_HW_2.9_Spring.app */;
			productType = "com.apple.product-type.application";
		};
		D1DFCEC428F475A600BF4DD1 /* DvornikovVA_HW_2.9_SpringTests */ = {
			isa = PBXNativeTarget;
			buildConfigurationList = D1DFCEDC28F475A600BF4DD1 /* Build configuration list for PBXNativeTarget "DvornikovVA_HW_2.9_SpringTests" */;
			buildPhases = (
				38434684E58CDB169EEA4B24 /* [CP] Check Pods Manifest.lock */,
				D1DFCEC128F475A600BF4DD1 /* Sources */,
				D1DFCEC228F475A600BF4DD1 /* Frameworks */,
				D1DFCEC328F475A600BF4DD1 /* Resources */,
			);
			buildRules = (
			);
			dependencies = (
				D1DFCEC728F475A600BF4DD1 /* PBXTargetDependency */,
			);
			name = DvornikovVA_HW_2.9_SpringTests;
			productName = DvornikovVA_HW_2.9_SpringTests;
			productReference = D1DFCEC528F475A600BF4DD1 /* DvornikovVA_HW_2.9_SpringTests.xctest */;
			productType = "com.apple.product-type.bundle.unit-test";
		};
		D1DFCECE28F475A600BF4DD1 /* DvornikovVA_HW_2.9_SpringUITests */ = {
			isa = PBXNativeTarget;
			buildConfigurationList = D1DFCEDF28F475A600BF4DD1 /* Build configuration list for PBXNativeTarget "DvornikovVA_HW_2.9_SpringUITests" */;
			buildPhases = (
				CBE1F8472123B106AA5174C3 /* [CP] Check Pods Manifest.lock */,
				D1DFCECB28F475A600BF4DD1 /* Sources */,
				D1DFCECC28F475A600BF4DD1 /* Frameworks */,
				D1DFCECD28F475A600BF4DD1 /* Resources */,
				16A1B31C51C0DAAB24BF247C /* [CP] Embed Pods Frameworks */,
			);
			buildRules = (
			);
			dependencies = (
				D1DFCED128F475A600BF4DD1 /* PBXTargetDependency */,
			);
			name = DvornikovVA_HW_2.9_SpringUITests;
			productName = DvornikovVA_HW_2.9_SpringUITests;
			productReference = D1DFCECF28F475A600BF4DD1 /* DvornikovVA_HW_2.9_SpringUITests.xctest */;
			productType = "com.apple.product-type.bundle.ui-testing";
		};
/* End PBXNativeTarget section */

/* Begin PBXProject section */
		D1DFCEA728F475A500BF4DD1 /* Project object */ = {
			isa = PBXProject;
			attributes = {
				BuildIndependentTargetsInParallel = 1;
				LastSwiftUpdateCheck = 1340;
				LastUpgradeCheck = 1340;
				TargetAttributes = {
					D1DFCEAE28F475A500BF4DD1 = {
						CreatedOnToolsVersion = 13.4.1;
					};
					D1DFCEC428F475A600BF4DD1 = {
						CreatedOnToolsVersion = 13.4.1;
						TestTargetID = D1DFCEAE28F475A500BF4DD1;
					};
					D1DFCECE28F475A600BF4DD1 = {
						CreatedOnToolsVersion = 13.4.1;
						TestTargetID = D1DFCEAE28F475A500BF4DD1;
					};
				};
			};
			buildConfigurationList = D1DFCEAA28F475A500BF4DD1 /* Build configuration list for PBXProject "DvornikovVA_HW_2.9_Spring" */;
			compatibilityVersion = "Xcode 13.0";
			developmentRegion = en;
			hasScannedForEncodings = 0;
			knownRegions = (
				en,
				Base,
			);
			mainGroup = D1DFCEA628F475A500BF4DD1;
			productRefGroup = D1DFCEB028F475A500BF4DD1 /* Products */;
			projectDirPath = "";
			projectRoot = "";
			targets = (
				D1DFCEAE28F475A500BF4DD1 /* DvornikovVA_HW_2.9_Spring */,
				D1DFCEC428F475A600BF4DD1 /* DvornikovVA_HW_2.9_SpringTests */,
				D1DFCECE28F475A600BF4DD1 /* DvornikovVA_HW_2.9_SpringUITests */,
			);
		};
/* End PBXProject section */

/* Begin PBXResourcesBuildPhase section */
		D1DFCEAD28F475A500BF4DD1 /* Resources */ = {
			isa = PBXResourcesBuildPhase;
			buildActionMask = 2147483647;
			files = (
				D1DFCEBF28F475A600BF4DD1 /* LaunchScreen.storyboard in Resources */,
				D1DFCEBC28F475A600BF4DD1 /* Assets.xcassets in Resources */,
				D1DFCEBA28F475A500BF4DD1 /* Main.storyboard in Resources */,
			);
			runOnlyForDeploymentPostprocessing = 0;
		};
		D1DFCEC328F475A600BF4DD1 /* Resources */ = {
			isa = PBXResourcesBuildPhase;
			buildActionMask = 2147483647;
			files = (
			);
			runOnlyForDeploymentPostprocessing = 0;
		};
		D1DFCECD28F475A600BF4DD1 /* Resources */ = {
			isa = PBXResourcesBuildPhase;
			buildActionMask = 2147483647;
			files = (
			);
			runOnlyForDeploymentPostprocessing = 0;
		};
/* End PBXResourcesBuildPhase section */

/* Begin PBXShellScriptBuildPhase section */
		16A1B31C51C0DAAB24BF247C /* [CP] Embed Pods Frameworks */ = {
			isa = PBXShellScriptBuildPhase;
			buildActionMask = 2147483647;
			files = (
			);
			inputFileListPaths = (
				"${PODS_ROOT}/Target Support Files/Pods-DvornikovVA_HW_2.9_Spring-DvornikovVA_HW_2.9_SpringUITests/Pods-DvornikovVA_HW_2.9_Spring-DvornikovVA_HW_2.9_SpringUITests-frameworks-${CONFIGURATION}-input-files.xcfilelist",
			);
			name = "[CP] Embed Pods Frameworks";
			outputFileListPaths = (
				"${PODS_ROOT}/Target Support Files/Pods-DvornikovVA_HW_2.9_Spring-DvornikovVA_HW_2.9_SpringUITests/Pods-DvornikovVA_HW_2.9_Spring-DvornikovVA_HW_2.9_SpringUITests-frameworks-${CONFIGURATION}-output-files.xcfilelist",
			);
			runOnlyForDeploymentPostprocessing = 0;
			shellPath = /bin/sh;
			shellScript = "\"${PODS_ROOT}/Target Support Files/Pods-DvornikovVA_HW_2.9_Spring-DvornikovVA_HW_2.9_SpringUITests/Pods-DvornikovVA_HW_2.9_Spring-DvornikovVA_HW_2.9_SpringUITests-frameworks.sh\"\n";
			showEnvVarsInLog = 0;
		};
		38434684E58CDB169EEA4B24 /* [CP] Check Pods Manifest.lock */ = {
			isa = PBXShellScriptBuildPhase;
			buildActionMask = 2147483647;
			files = (
			);
			inputFileListPaths = (
			);
			inputPaths = (
				"${PODS_PODFILE_DIR_PATH}/Podfile.lock",
				"${PODS_ROOT}/Manifest.lock",
			);
			name = "[CP] Check Pods Manifest.lock";
			outputFileListPaths = (
			);
			outputPaths = (
				"$(DERIVED_FILE_DIR)/Pods-DvornikovVA_HW_2.9_SpringTests-checkManifestLockResult.txt",
			);
			runOnlyForDeploymentPostprocessing = 0;
			shellPath = /bin/sh;
			shellScript = "diff \"${PODS_PODFILE_DIR_PATH}/Podfile.lock\" \"${PODS_ROOT}/Manifest.lock\" > /dev/null\nif [ $? != 0 ] ; then\n    # print error to STDERR\n    echo \"error: The sandbox is not in sync with the Podfile.lock. Run 'pod install' or update your CocoaPods installation.\" >&2\n    exit 1\nfi\n# This output is used by Xcode 'outputs' to avoid re-running this script phase.\necho \"SUCCESS\" > \"${SCRIPT_OUTPUT_FILE_0}\"\n";
			showEnvVarsInLog = 0;
		};
		CBE1F8472123B106AA5174C3 /* [CP] Check Pods Manifest.lock */ = {
			isa = PBXShellScriptBuildPhase;
			buildActionMask = 2147483647;
			files = (
			);
			inputFileListPaths = (
			);
			inputPaths = (
				"${PODS_PODFILE_DIR_PATH}/Podfile.lock",
				"${PODS_ROOT}/Manifest.lock",
			);
			name = "[CP] Check Pods Manifest.lock";
			outputFileListPaths = (
			);
			outputPaths = (
				"$(DERIVED_FILE_DIR)/Pods-DvornikovVA_HW_2.9_Spring-DvornikovVA_HW_2.9_SpringUITests-checkManifestLockResult.txt",
			);
			runOnlyForDeploymentPostprocessing = 0;
			shellPath = /bin/sh;
			shellScript = "diff \"${PODS_PODFILE_DIR_PATH}/Podfile.lock\" \"${PODS_ROOT}/Manifest.lock\" > /dev/null\nif [ $? != 0 ] ; then\n    # print error to STDERR\n    echo \"error: The sandbox is not in sync with the Podfile.lock. Run 'pod install' or update your CocoaPods installation.\" >&2\n    exit 1\nfi\n# This output is used by Xcode 'outputs' to avoid re-running this script phase.\necho \"SUCCESS\" > \"${SCRIPT_OUTPUT_FILE_0}\"\n";
			showEnvVarsInLog = 0;
		};
		F9A2CF50D70E9B6A79FB67C2 /* [CP] Check Pods Manifest.lock */ = {
			isa = PBXShellScriptBuildPhase;
			buildActionMask = 2147483647;
			files = (
			);
			inputFileListPaths = (
			);
			inputPaths = (
				"${PODS_PODFILE_DIR_PATH}/Podfile.lock",
				"${PODS_ROOT}/Manifest.lock",
			);
			name = "[CP] Check Pods Manifest.lock";
			outputFileListPaths = (
			);
			outputPaths = (
				"$(DERIVED_FILE_DIR)/Pods-DvornikovVA_HW_2.9_Spring-checkManifestLockResult.txt",
			);
			runOnlyForDeploymentPostprocessing = 0;
			shellPath = /bin/sh;
			shellScript = "diff \"${PODS_PODFILE_DIR_PATH}/Podfile.lock\" \"${PODS_ROOT}/Manifest.lock\" > /dev/null\nif [ $? != 0 ] ; then\n    # print error to STDERR\n    echo \"error: The sandbox is not in sync with the Podfile.lock. Run 'pod install' or update your CocoaPods installation.\" >&2\n    exit 1\nfi\n# This output is used by Xcode 'outputs' to avoid re-running this script phase.\necho \"SUCCESS\" > \"${SCRIPT_OUTPUT_FILE_0}\"\n";
			showEnvVarsInLog = 0;
		};
		FFC3E3113CDC357801405FB7 /* [CP] Embed Pods Frameworks */ = {
			isa = PBXShellScriptBuildPhase;
			buildActionMask = 2147483647;
			files = (
			);
			inputFileListPaths = (
				"${PODS_ROOT}/Target Support Files/Pods-DvornikovVA_HW_2.9_Spring/Pods-DvornikovVA_HW_2.9_Spring-frameworks-${CONFIGURATION}-input-files.xcfilelist",
			);
			name = "[CP] Embed Pods Frameworks";
			outputFileListPaths = (
				"${PODS_ROOT}/Target Support Files/Pods-DvornikovVA_HW_2.9_Spring/Pods-DvornikovVA_HW_2.9_Spring-frameworks-${CONFIGURATION}-output-files.xcfilelist",
			);
			runOnlyForDeploymentPostprocessing = 0;
			shellPath = /bin/sh;
			shellScript = "\"${PODS_ROOT}/Target Support Files/Pods-DvornikovVA_HW_2.9_Spring/Pods-DvornikovVA_HW_2.9_Spring-frameworks.sh\"\n";
			showEnvVarsInLog = 0;
		};
/* End PBXShellScriptBuildPhase section */

/* Begin PBXSourcesBuildPhase section */
		D1DFCEAB28F475A500BF4DD1 /* Sources */ = {
			isa = PBXSourcesBuildPhase;
			buildActionMask = 2147483647;
			files = (
				D1DFCEB728F475A500BF4DD1 /* ViewController.swift in Sources */,
				D1DFCEB328F475A500BF4DD1 /* AppDelegate.swift in Sources */,
				D1DFCEB528F475A500BF4DD1 /* SceneDelegate.swift in Sources */,
			);
			runOnlyForDeploymentPostprocessing = 0;
		};
		D1DFCEC128F475A600BF4DD1 /* Sources */ = {
			isa = PBXSourcesBuildPhase;
			buildActionMask = 2147483647;
			files = (
				D1DFCECA28F475A600BF4DD1 /* DvornikovVA_HW_2_9_SpringTests.swift in Sources */,
			);
			runOnlyForDeploymentPostprocessing = 0;
		};
		D1DFCECB28F475A600BF4DD1 /* Sources */ = {
			isa = PBXSourcesBuildPhase;
			buildActionMask = 2147483647;
			files = (
				D1DFCED428F475A600BF4DD1 /* DvornikovVA_HW_2_9_SpringUITests.swift in Sources */,
				D1DFCED628F475A600BF4DD1 /* DvornikovVA_HW_2_9_SpringUITestsLaunchTests.swift in Sources */,
			);
			runOnlyForDeploymentPostprocessing = 0;
		};
/* End PBXSourcesBuildPhase section */

/* Begin PBXTargetDependency section */
		D1DFCEC728F475A600BF4DD1 /* PBXTargetDependency */ = {
			isa = PBXTargetDependency;
			target = D1DFCEAE28F475A500BF4DD1 /* DvornikovVA_HW_2.9_Spring */;
			targetProxy = D1DFCEC628F475A600BF4DD1 /* PBXContainerItemProxy */;
		};
		D1DFCED128F475A600BF4DD1 /* PBXTargetDependency */ = {
			isa = PBXTargetDependency;
			target = D1DFCEAE28F475A500BF4DD1 /* DvornikovVA_HW_2.9_Spring */;
			targetProxy = D1DFCED028F475A600BF4DD1 /* PBXContainerItemProxy */;
		};
/* End PBXTargetDependency section */

/* Begin PBXVariantGroup section */
		D1DFCEB828F475A500BF4DD1 /* Main.storyboard */ = {
			isa = PBXVariantGroup;
			children = (
				D1DFCEB928F475A500BF4DD1 /* Base */,
			);
			name = Main.storyboard;
			sourceTree = "<group>";
		};
		D1DFCEBD28F475A600BF4DD1 /* LaunchScreen.storyboard */ = {
			isa = PBXVariantGroup;
			children = (
				D1DFCEBE28F475A600BF4DD1 /* Base */,
			);
			name = LaunchScreen.storyboard;
			sourceTree = "<group>";
		};
/* End PBXVariantGroup section */

/* Begin XCBuildConfiguration section */
		D1DFCED728F475A600BF4DD1 /* Debug */ = {
			isa = XCBuildConfiguration;
			buildSettings = {
				ALWAYS_SEARCH_USER_PATHS = NO;
				CLANG_ANALYZER_NONNULL = YES;
				CLANG_ANALYZER_NUMBER_OBJECT_CONVERSION = YES_AGGRESSIVE;
				CLANG_CXX_LANGUAGE_STANDARD = "gnu++17";
				CLANG_ENABLE_MODULES = YES;
				CLANG_ENABLE_OBJC_ARC = YES;
				CLANG_ENABLE_OBJC_WEAK = YES;
				CLANG_WARN_BLOCK_CAPTURE_AUTORELEASING = YES;
				CLANG_WARN_BOOL_CONVERSION = YES;
				CLANG_WARN_COMMA = YES;
				CLANG_WARN_CONSTANT_CONVERSION = YES;
				CLANG_WARN_DEPRECATED_OBJC_IMPLEMENTATIONS = YES;
				CLANG_WARN_DIRECT_OBJC_ISA_USAGE = YES_ERROR;
				CLANG_WARN_DOCUMENTATION_COMMENTS = YES;
				CLANG_WARN_EMPTY_BODY = YES;
				CLANG_WARN_ENUM_CONVERSION = YES;
				CLANG_WARN_INFINITE_RECURSION = YES;
				CLANG_WARN_INT_CONVERSION = YES;
				CLANG_WARN_NON_LITERAL_NULL_CONVERSION = YES;
				CLANG_WARN_OBJC_IMPLICIT_RETAIN_SELF = YES;
				CLANG_WARN_OBJC_LITERAL_CONVERSION = YES;
				CLANG_WARN_OBJC_ROOT_CLASS = YES_ERROR;
				CLANG_WARN_QUOTED_INCLUDE_IN_FRAMEWORK_HEADER = YES;
				CLANG_WARN_RANGE_LOOP_ANALYSIS = YES;
				CLANG_WARN_STRICT_PROTOTYPES = YES;
				CLANG_WARN_SUSPICIOUS_MOVE = YES;
				CLANG_WARN_UNGUARDED_AVAILABILITY = YES_AGGRESSIVE;
				CLANG_WARN_UNREACHABLE_CODE = YES;
				CLANG_WARN__DUPLICATE_METHOD_MATCH = YES;
				COPY_PHASE_STRIP = NO;
				DEBUG_INFORMATION_FORMAT = dwarf;
				ENABLE_STRICT_OBJC_MSGSEND = YES;
				ENABLE_TESTABILITY = YES;
				GCC_C_LANGUAGE_STANDARD = gnu11;
				GCC_DYNAMIC_NO_PIC = NO;
				GCC_NO_COMMON_BLOCKS = YES;
				GCC_OPTIMIZATION_LEVEL = 0;
				GCC_PREPROCESSOR_DEFINITIONS = (
					"DEBUG=1",
					"$(inherited)",
				);
				GCC_WARN_64_TO_32_BIT_CONVERSION = YES;
				GCC_WARN_ABOUT_RETURN_TYPE = YES_ERROR;
				GCC_WARN_UNDECLARED_SELECTOR = YES;
				GCC_WARN_UNINITIALIZED_AUTOS = YES_AGGRESSIVE;
				GCC_WARN_UNUSED_FUNCTION = YES;
				GCC_WARN_UNUSED_VARIABLE = YES;
				IPHONEOS_DEPLOYMENT_TARGET = 15.5;
				MTL_ENABLE_DEBUG_INFO = INCLUDE_SOURCE;
				MTL_FAST_MATH = YES;
				ONLY_ACTIVE_ARCH = YES;
				SDKROOT = iphoneos;
				SWIFT_ACTIVE_COMPILATION_CONDITIONS = DEBUG;
				SWIFT_OPTIMIZATION_LEVEL = "-Onone";
			};
			name = Debug;
		};
		D1DFCED828F475A600BF4DD1 /* Release */ = {
			isa = XCBuildConfiguration;
			buildSettings = {
				ALWAYS_SEARCH_USER_PATHS = NO;
				CLANG_ANALYZER_NONNULL = YES;
				CLANG_ANALYZER_NUMBER_OBJECT_CONVERSION = YES_AGGRESSIVE;
				CLANG_CXX_LANGUAGE_STANDARD = "gnu++17";
				CLANG_ENABLE_MODULES = YES;
				CLANG_ENABLE_OBJC_ARC = YES;
				CLANG_ENABLE_OBJC_WEAK = YES;
				CLANG_WARN_BLOCK_CAPTURE_AUTORELEASING = YES;
				CLANG_WARN_BOOL_CONVERSION = YES;
				CLANG_WARN_COMMA = YES;
				CLANG_WARN_CONSTANT_CONVERSION = YES;
				CLANG_WARN_DEPRECATED_OBJC_IMPLEMENTATIONS = YES;
				CLANG_WARN_DIRECT_OBJC_ISA_USAGE = YES_ERROR;
				CLANG_WARN_DOCUMENTATION_COMMENTS = YES;
				CLANG_WARN_EMPTY_BODY = YES;
				CLANG_WARN_ENUM_CONVERSION = YES;
				CLANG_WARN_INFINITE_RECURSION = YES;
				CLANG_WARN_INT_CONVERSION = YES;
				CLANG_WARN_NON_LITERAL_NULL_CONVERSION = YES;
				CLANG_WARN_OBJC_IMPLICIT_RETAIN_SELF = YES;
				CLANG_WARN_OBJC_LITERAL_CONVERSION = YES;
				CLANG_WARN_OBJC_ROOT_CLASS = YES_ERROR;
				CLANG_WARN_QUOTED_INCLUDE_IN_FRAMEWORK_HEADER = YES;
				CLANG_WARN_RANGE_LOOP_ANALYSIS = YES;
				CLANG_WARN_STRICT_PROTOTYPES = YES;
				CLANG_WARN_SUSPICIOUS_MOVE = YES;
				CLANG_WARN_UNGUARDED_AVAILABILITY = YES_AGGRESSIVE;
				CLANG_WARN_UNREACHABLE_CODE = YES;
				CLANG_WARN__DUPLICATE_METHOD_MATCH = YES;
				COPY_PHASE_STRIP = NO;
				DEBUG_INFORMATION_FORMAT = "dwarf-with-dsym";
				ENABLE_NS_ASSERTIONS = NO;
				ENABLE_STRICT_OBJC_MSGSEND = YES;
				GCC_C_LANGUAGE_STANDARD = gnu11;
				GCC_NO_COMMON_BLOCKS = YES;
				GCC_WARN_64_TO_32_BIT_CONVERSION = YES;
				GCC_WARN_ABOUT_RETURN_TYPE = YES_ERROR;
				GCC_WARN_UNDECLARED_SELECTOR = YES;
				GCC_WARN_UNINITIALIZED_AUTOS = YES_AGGRESSIVE;
				GCC_WARN_UNUSED_FUNCTION = YES;
				GCC_WARN_UNUSED_VARIABLE = YES;
				IPHONEOS_DEPLOYMENT_TARGET = 15.5;
				MTL_ENABLE_DEBUG_INFO = NO;
				MTL_FAST_MATH = YES;
				SDKROOT = iphoneos;
				SWIFT_COMPILATION_MODE = wholemodule;
				SWIFT_OPTIMIZATION_LEVEL = "-O";
				VALIDATE_PRODUCT = YES;
			};
			name = Release;
		};
		D1DFCEDA28F475A600BF4DD1 /* Debug */ = {
			isa = XCBuildConfiguration;
			baseConfigurationReference = B51F4CB1EBCC189D2B13C4C1 /* Pods-DvornikovVA_HW_2.9_Spring.debug.xcconfig */;
			buildSettings = {
				ASSETCATALOG_COMPILER_APPICON_NAME = AppIcon;
				ASSETCATALOG_COMPILER_GLOBAL_ACCENT_COLOR_NAME = AccentColor;
				CODE_SIGN_STYLE = Automatic;
				CURRENT_PROJECT_VERSION = 1;
				DEVELOPMENT_TEAM = CACQHX277T;
				GENERATE_INFOPLIST_FILE = YES;
				INFOPLIST_FILE = DvornikovVA_HW_2.9_Spring/Info.plist;
				INFOPLIST_KEY_UIApplicationSupportsIndirectInputEvents = YES;
				INFOPLIST_KEY_UILaunchStoryboardName = LaunchScreen;
				INFOPLIST_KEY_UIMainStoryboardFile = Main;
				INFOPLIST_KEY_UISupportedInterfaceOrientations_iPad = "UIInterfaceOrientationPortrait UIInterfaceOrientationPortraitUpsideDown UIInterfaceOrientationLandscapeLeft UIInterfaceOrientationLandscapeRight";
				INFOPLIST_KEY_UISupportedInterfaceOrientations_iPhone = "UIInterfaceOrientationPortrait UIInterfaceOrientationLandscapeLeft UIInterfaceOrientationLandscapeRight";
				LD_RUNPATH_SEARCH_PATHS = (
					"$(inherited)",
					"@executable_path/Frameworks",
				);
				MARKETING_VERSION = 1.0;
				PRODUCT_BUNDLE_IDENTIFIER = "com.vladimirdvornikof.DvornikovVA-HW-2-9-Spring";
				PRODUCT_NAME = "$(TARGET_NAME)";
				SWIFT_EMIT_LOC_STRINGS = YES;
				SWIFT_VERSION = 5.0;
				TARGETED_DEVICE_FAMILY = "1,2";
			};
			name = Debug;
		};
		D1DFCEDB28F475A600BF4DD1 /* Release */ = {
			isa = XCBuildConfiguration;
			baseConfigurationReference = C8BCA3528E9A5A6ABC02948E /* Pods-DvornikovVA_HW_2.9_Spring.release.xcconfig */;
			buildSettings = {
				ASSETCATALOG_COMPILER_APPICON_NAME = AppIcon;
				ASSETCATALOG_COMPILER_GLOBAL_ACCENT_COLOR_NAME = AccentColor;
				CODE_SIGN_STYLE = Automatic;
				CURRENT_PROJECT_VERSION = 1;
				DEVELOPMENT_TEAM = CACQHX277T;
				GENERATE_INFOPLIST_FILE = YES;
				INFOPLIST_FILE = DvornikovVA_HW_2.9_Spring/Info.plist;
				INFOPLIST_KEY_UIApplicationSupportsIndirectInputEvents = YES;
				INFOPLIST_KEY_UILaunchStoryboardName = LaunchScreen;
				INFOPLIST_KEY_UIMainStoryboardFile = Main;
				INFOPLIST_KEY_UISupportedInterfaceOrientations_iPad = "UIInterfaceOrientationPortrait UIInterfaceOrientationPortraitUpsideDown UIInterfaceOrientationLandscapeLeft UIInterfaceOrientationLandscapeRight";
				INFOPLIST_KEY_UISupportedInterfaceOrientations_iPhone = "UIInterfaceOrientationPortrait UIInterfaceOrientationLandscapeLeft UIInterfaceOrientationLandscapeRight";
				LD_RUNPATH_SEARCH_PATHS = (
					"$(inherited)",
					"@executable_path/Frameworks",
				);
				MARKETING_VERSION = 1.0;
				PRODUCT_BUNDLE_IDENTIFIER = "com.vladimirdvornikof.DvornikovVA-HW-2-9-Spring";
				PRODUCT_NAME = "$(TARGET_NAME)";
				SWIFT_EMIT_LOC_STRINGS = YES;
				SWIFT_VERSION = 5.0;
				TARGETED_DEVICE_FAMILY = "1,2";
			};
			name = Release;
		};
		D1DFCEDD28F475A600BF4DD1 /* Debug */ = {
			isa = XCBuildConfiguration;
			baseConfigurationReference = F6BD27D10419114F434B3740 /* Pods-DvornikovVA_HW_2.9_SpringTests.debug.xcconfig */;
			buildSettings = {
				ALWAYS_EMBED_SWIFT_STANDARD_LIBRARIES = YES;
				BUNDLE_LOADER = "$(TEST_HOST)";
				CODE_SIGN_STYLE = Automatic;
				CURRENT_PROJECT_VERSION = 1;
				DEVELOPMENT_TEAM = CACQHX277T;
				GENERATE_INFOPLIST_FILE = YES;
				IPHONEOS_DEPLOYMENT_TARGET = 15.5;
				MARKETING_VERSION = 1.0;
				PRODUCT_BUNDLE_IDENTIFIER = "com.vladimirdvornikof.DvornikovVA-HW-2-9-SpringTests";
				PRODUCT_NAME = "$(TARGET_NAME)";
				SWIFT_EMIT_LOC_STRINGS = NO;
				SWIFT_VERSION = 5.0;
				TARGETED_DEVICE_FAMILY = "1,2";
				TEST_HOST = "$(BUILT_PRODUCTS_DIR)/DvornikovVA_HW_2.9_Spring.app/DvornikovVA_HW_2.9_Spring";
			};
			name = Debug;
		};
		D1DFCEDE28F475A600BF4DD1 /* Release */ = {
			isa = XCBuildConfiguration;
			baseConfigurationReference = DD154C89A77A886069526D3C /* Pods-DvornikovVA_HW_2.9_SpringTests.release.xcconfig */;
			buildSettings = {
				ALWAYS_EMBED_SWIFT_STANDARD_LIBRARIES = YES;
				BUNDLE_LOADER = "$(TEST_HOST)";
				CODE_SIGN_STYLE = Automatic;
				CURRENT_PROJECT_VERSION = 1;
				DEVELOPMENT_TEAM = CACQHX277T;
				GENERATE_INFOPLIST_FILE = YES;
				IPHONEOS_DEPLOYMENT_TARGET = 15.5;
				MARKETING_VERSION = 1.0;
				PRODUCT_BUNDLE_IDENTIFIER = "com.vladimirdvornikof.DvornikovVA-HW-2-9-SpringTests";
				PRODUCT_NAME = "$(TARGET_NAME)";
				SWIFT_EMIT_LOC_STRINGS = NO;
				SWIFT_VERSION = 5.0;
				TARGETED_DEVICE_FAMILY = "1,2";
				TEST_HOST = "$(BUILT_PRODUCTS_DIR)/DvornikovVA_HW_2.9_Spring.app/DvornikovVA_HW_2.9_Spring";
			};
			name = Release;
		};
		D1DFCEE028F475A600BF4DD1 /* Debug */ = {
			isa = XCBuildConfiguration;
			baseConfigurationReference = 99ADD4019C5E9DDDFA86F9AC /* Pods-DvornikovVA_HW_2.9_Spring-DvornikovVA_HW_2.9_SpringUITests.debug.xcconfig */;
			buildSettings = {
				ALWAYS_EMBED_SWIFT_STANDARD_LIBRARIES = YES;
				CODE_SIGN_STYLE = Automatic;
				CURRENT_PROJECT_VERSION = 1;
				DEVELOPMENT_TEAM = CACQHX277T;
				GENERATE_INFOPLIST_FILE = YES;
				MARKETING_VERSION = 1.0;
				PRODUCT_BUNDLE_IDENTIFIER = "com.vladimirdvornikof.DvornikovVA-HW-2-9-SpringUITests";
				PRODUCT_NAME = "$(TARGET_NAME)";
				SWIFT_EMIT_LOC_STRINGS = NO;
				SWIFT_VERSION = 5.0;
				TARGETED_DEVICE_FAMILY = "1,2";
				TEST_TARGET_NAME = DvornikovVA_HW_2.9_Spring;
			};
			name = Debug;
		};
		D1DFCEE128F475A600BF4DD1 /* Release */ = {
			isa = XCBuildConfiguration;
			baseConfigurationReference = 1C46A25FE9459E19BCA347FB /* Pods-DvornikovVA_HW_2.9_Spring-DvornikovVA_HW_2.9_SpringUITests.release.xcconfig */;
			buildSettings = {
				ALWAYS_EMBED_SWIFT_STANDARD_LIBRARIES = YES;
				CODE_SIGN_STYLE = Automatic;
				CURRENT_PROJECT_VERSION = 1;
				DEVELOPMENT_TEAM = CACQHX277T;
				GENERATE_INFOPLIST_FILE = YES;
				MARKETING_VERSION = 1.0;
				PRODUCT_BUNDLE_IDENTIFIER = "com.vladimirdvornikof.DvornikovVA-HW-2-9-SpringUITests";
				PRODUCT_NAME = "$(TARGET_NAME)";
				SWIFT_EMIT_LOC_STRINGS = NO;
				SWIFT_VERSION = 5.0;
				TARGETED_DEVICE_FAMILY = "1,2";
				TEST_TARGET_NAME = DvornikovVA_HW_2.9_Spring;
			};
			name = Release;
		};
/* End XCBuildConfiguration section */

/* Begin XCConfigurationList section */
		D1DFCEAA28F475A500BF4DD1 /* Build configuration list for PBXProject "DvornikovVA_HW_2.9_Spring" */ = {
			isa = XCConfigurationList;
			buildConfigurations = (
				D1DFCED728F475A600BF4DD1 /* Debug */,
				D1DFCED828F475A600BF4DD1 /* Release */,
			);
			defaultConfigurationIsVisible = 0;
			defaultConfigurationName = Release;
		};
		D1DFCED928F475A600BF4DD1 /* Build configuration list for PBXNativeTarget "DvornikovVA_HW_2.9_Spring" */ = {
			isa = XCConfigurationList;
			buildConfigurations = (
				D1DFCEDA28F475A600BF4DD1 /* Debug */,
				D1DFCEDB28F475A600BF4DD1 /* Release */,
			);
			defaultConfigurationIsVisible = 0;
			defaultConfigurationName = Release;
		};
		D1DFCEDC28F475A600BF4DD1 /* Build configuration list for PBXNativeTarget "DvornikovVA_HW_2.9_SpringTests" */ = {
			isa = XCConfigurationList;
			buildConfigurations = (
				D1DFCEDD28F475A600BF4DD1 /* Debug */,
				D1DFCEDE28F475A600BF4DD1 /* Release */,
			);
			defaultConfigurationIsVisible = 0;
			defaultConfigurationName = Release;
		};
		D1DFCEDF28F475A600BF4DD1 /* Build configuration list for PBXNativeTarget "DvornikovVA_HW_2.9_SpringUITests" */ = {
			isa = XCConfigurationList;
			buildConfigurations = (
				D1DFCEE028F475A600BF4DD1 /* Debug */,
				D1DFCEE128F475A600BF4DD1 /* Release */,
			);
			defaultConfigurationIsVisible = 0;
			defaultConfigurationName = Release;
		};
/* End XCConfigurationList section */
	};
	rootObject = D1DFCEA728F475A500BF4DD1 /* Project object */;
}
